
Microsoft Visual Studio Solution File, Format Version 12.00
# Visual Studio Version 17
VisualStudioVersion = 17.5.002.0
MinimumVisualStudioVersion = 10.0.40219.1
Project("{9A19103F-16F7-4668-BE54-9A1E7A4F7556}") = "tde", "tde\tde.csproj", "{ACA9CD8B-3A33-46BA-805F-4D6A191CA235}"
EndProject
Global
	GlobalSection(SolutionConfigurationPlatforms) = preSolution
		Debug|Any CPU = Debug|Any CPU
		Release|Any CPU = Release|Any CPU
	EndGlobalSection
	GlobalSection(ProjectConfigurationPlatforms) = postSolution
		{ACA9CD8B-3A33-46BA-805F-4D6A191CA235}.Debug|Any CPU.ActiveCfg = Debug|Any CPU
		{ACA9CD8B-3A33-46BA-805F-4D6A191CA235}.Debug|Any CPU.Build.0 = Debug|Any CPU
		{ACA9CD8B-3A33-46BA-805F-4D6A191CA235}.Release|Any CPU.ActiveCfg = Release|Any CPU
		{ACA9CD8B-3A33-46BA-805F-4D6A191CA235}.Release|Any CPU.Build.0 = Release|Any CPU
	EndGlobalSection
	GlobalSection(SolutionProperties) = preSolution
		HideSolutionNode = FALSE
	EndGlobalSection
	GlobalSection(ExtensibilityGlobals) = postSolution
		SolutionGuid = {43822245-B5DB-487B-A5FB-4B3ABB8CA689}
	EndGlobalSection
EndGlobal
